
Microsoft Visual Studio Solution File, Format Version 12.00
# Visual Studio Version 17
VisualStudioVersion = 17.7.34302.85
MinimumVisualStudioVersion = 10.0.40219.1
Project("{FAE04EC0-301F-11D3-BF4B-00C04F79EFBC}") = "AnimalMatching", "justchecking\AnimalMatching.csproj", "{6EB21CE5-49D2-4C91-803E-B873EABA5E1E}"
EndProject
Global
	GlobalSection(SolutionConfigurationPlatforms) = preSolution
		Debug|Any CPU = Debug|Any CPU
		Release|Any CPU = Release|Any CPU
	EndGlobalSection
	GlobalSection(ProjectConfigurationPlatforms) = postSolution
		{6EB21CE5-49D2-4C91-803E-B873EABA5E1E}.Debug|Any CPU.ActiveCfg = Debug|Any CPU
		{6EB21CE5-49D2-4C91-803E-B873EABA5E1E}.Debug|Any CPU.Build.0 = Debug|Any CPU
		{6EB21CE5-49D2-4C91-803E-B873EABA5E1E}.Release|Any CPU.ActiveCfg = Release|Any CPU
		{6EB21CE5-49D2-4C91-803E-B873EABA5E1E}.Release|Any CPU.Build.0 = Release|Any CPU
	EndGlobalSection
	GlobalSection(SolutionProperties) = preSolution
		HideSolutionNode = FALSE
	EndGlobalSection
	GlobalSection(ExtensibilityGlobals) = postSolution
		SolutionGuid = {273DB474-4A11-47D9-B00C-438A62E436D1}
	EndGlobalSection
EndGlobal
